Microsoft Visual Studio Solution File, Format Version 12.00
# Visual Studio Version 17
VisualStudioVersion = 17.7.34031.279
MinimumVisualStudioVersion = 10.0.40219.1
Project("{2150E333-8FDC-42A3-9474-1A3956D46DE8}") = "01. Client", "01. Client", "{469AC018-A32B-4582-9F3D-51ECE88F4E5D}"
EndProject
Project("{2150E333-8FDC-42A3-9474-1A3956D46DE8}") = "03. HOST", "03. HOST", "{EAE8279F-5437-4D2D-911C-3CD47F8C9184}"
EndProject
Project("{778DAE3C-4631-46EA-AA77-85C1314464D9}") = "SA", "SA\SA.vbproj", "{83F05440-B66F-4B67-BD3A-AF61A5C0B8AB}"
EndProject
Project("{F184B08F-C81C-45F6-A57F-5ABD9991F28F}") = "updateclient", "updateclient\updateclient.vbproj", "{FCB78396-A204-44C6-9449-96705299DD2D}"
EndProject
Project("{F184B08F-C81C-45F6-A57F-5ABD9991F28F}") = "CommonLibrary", "CommonLibrary\CommonLibrary.vbproj", "{D08773CC-EEB0-403E-B66B-D1964626F985}"
EndProject
Project("{F184B08F-C81C-45F6-A57F-5ABD9991F28F}") = "AppCore", "AppCore\AppCore.vbproj", "{929F1E6E-6A34-47C7-B2E4-E3F13B28E243}"
EndProject
Project("{FAE04EC0-301F-11D3-BF4B-00C04F79EFBC}") = "update", "update\update.csproj", "{19DBDEC2-CE4B-4344-AF68-FD769A2B65A7}"
EndProject
Project("{778DAE3C-4631-46EA-AA77-85C1314464D9}") = "SY", "SY\SY.vbproj", "{42114C78-167B-41F4-AEEA-9AFEE4F5572C}"
EndProject
Project("{778DAE3C-4631-46EA-AA77-85C1314464D9}") = "ST", "ST\ST.vbproj", "{355FCEE7-4743-415F-BEE6-9C044DE9BA4B}"
EndProject
Project("{778DAE3C-4631-46EA-AA77-85C1314464D9}") = "BA", "BA\BA.vbproj", "{492E85F3-ABEB-4975-ACF8-2D8A79F9CE86}"
EndProject
Project("{F184B08F-C81C-45F6-A57F-5ABD9991F28F}") = "VSTP", "Client\VSTP.vbproj", "{AC2E4047-9529-49C7-B34D-5408DEE94B96}"
EndProject
Project("{778DAE3C-4631-46EA-AA77-85C1314464D9}") = "HostCommonLibrary", "HostCommonLibrary\HostCommonLibrary.vbproj", "{66348C8E-7FFB-44B1-8972-4D9D754CE845}"
EndProject
Project("{778DAE3C-4631-46EA-AA77-85C1314464D9}") = "DataAccessLayer", "DataAccessLayer\DataAccessLayer.vbproj", "{57E26AD5-DAD0-4E08-9BFE-9B643859A237}"
EndProject
Project("{778DAE3C-4631-46EA-AA77-85C1314464D9}") = "Host", "Host\Host.vbproj", "{A263AF5E-07EF-4711-9042-23441FAF564F}"
EndProject
Project("{778DAE3C-4631-46EA-AA77-85C1314464D9}") = "HOSTReport", "HOSTReport\HOSTReport.vbproj", "{9645EBFA-1561-4715-AB36-E7F97AC73C0D}"
EndProject
Project("{778DAE3C-4631-46EA-AA77-85C1314464D9}") = "HOSTService", "HOSTService\HOSTService.vbproj", "{00C19ACD-7895-4DB4-83AD-CE427D65E28B}"
EndProject
Project("{778DAE3C-4631-46EA-AA77-85C1314464D9}") = "CoreBusiness", "CoreBusiness\CoreBusiness.vbproj", "{0CD95878-036F-4C31-B6F2-D78CC61D0683}"
EndProject
Global
	GlobalSection(SolutionConfigurationPlatforms) = preSolution
		Debug|.NET = Debug|.NET
		Debug|Any CPU = Debug|Any CPU
		Debug|Mixed Platforms = Debug|Mixed Platforms
		Debug|x64 = Debug|x64
		Debug|x86 = Debug|x86
		Release x64|.NET = Release x64|.NET
		Release x64|Any CPU = Release x64|Any CPU
		Release x64|Mixed Platforms = Release x64|Mixed Platforms
		Release x64|x64 = Release x64|x64
		Release x64|x86 = Release x64|x86
		Release|.NET = Release|.NET
		Release|Any CPU = Release|Any CPU
		Release|Mixed Platforms = Release|Mixed Platforms
		Release|x64 = Release|x64
		Release|x86 = Release|x86
	EndGlobalSection
	GlobalSection(ProjectConfigurationPlatforms) = postSolution
		{83F05440-B66F-4B67-BD3A-AF61A5C0B8AB}.Debug|.NET.ActiveCfg = Debug|Any CPU
		{83F05440-B66F-4B67-BD3A-AF61A5C0B8AB}.Debug|Any CPU.ActiveCfg = Debug|Any CPU
		{83F05440-B66F-4B67-BD3A-AF61A5C0B8AB}.Debug|Any CPU.Build.0 = Debug|Any CPU
		{83F05440-B66F-4B67-BD3A-AF61A5C0B8AB}.Debug|Mixed Platforms.ActiveCfg = Debug|Any CPU
		{83F05440-B66F-4B67-BD3A-AF61A5C0B8AB}.Debug|Mixed Platforms.Build.0 = Debug|Any CPU
		{83F05440-B66F-4B67-BD3A-AF61A5C0B8AB}.Debug|x64.ActiveCfg = Debug|Any CPU
		{83F05440-B66F-4B67-BD3A-AF61A5C0B8AB}.Debug|x86.ActiveCfg = Debug|Any CPU
		{83F05440-B66F-4B67-BD3A-AF61A5C0B8AB}.Release x64|.NET.ActiveCfg = Release|Any CPU
		{83F05440-B66F-4B67-BD3A-AF61A5C0B8AB}.Release x64|Any CPU.ActiveCfg = Release|Any CPU
		{83F05440-B66F-4B67-BD3A-AF61A5C0B8AB}.Release x64|Any CPU.Build.0 = Release|Any CPU
		{83F05440-B66F-4B67-BD3A-AF61A5C0B8AB}.Release x64|Mixed Platforms.ActiveCfg = Release|Any CPU
		{83F05440-B66F-4B67-BD3A-AF61A5C0B8AB}.Release x64|Mixed Platforms.Build.0 = Release|Any CPU
		{83F05440-B66F-4B67-BD3A-AF61A5C0B8AB}.Release x64|x64.ActiveCfg = Release|Any CPU
		{83F05440-B66F-4B67-BD3A-AF61A5C0B8AB}.Release x64|x86.ActiveCfg = Release|Any CPU
		{83F05440-B66F-4B67-BD3A-AF61A5C0B8AB}.Release|.NET.ActiveCfg = Release|Any CPU
		{83F05440-B66F-4B67-BD3A-AF61A5C0B8AB}.Release|Any CPU.ActiveCfg = Release|Any CPU
		{83F05440-B66F-4B67-BD3A-AF61A5C0B8AB}.Release|Any CPU.Build.0 = Release|Any CPU
		{83F05440-B66F-4B67-BD3A-AF61A5C0B8AB}.Release|Mixed Platforms.ActiveCfg = Release|Any CPU
		{83F05440-B66F-4B67-BD3A-AF61A5C0B8AB}.Release|Mixed Platforms.Build.0 = Release|Any CPU
		{83F05440-B66F-4B67-BD3A-AF61A5C0B8AB}.Release|x64.ActiveCfg = Release|Any CPU
		{83F05440-B66F-4B67-BD3A-AF61A5C0B8AB}.Release|x86.ActiveCfg = Release|Any CPU
		{FCB78396-A204-44C6-9449-96705299DD2D}.Debug|.NET.ActiveCfg = Debug|Any CPU
		{FCB78396-A204-44C6-9449-96705299DD2D}.Debug|Any CPU.ActiveCfg = Debug|Any CPU
		{FCB78396-A204-44C6-9449-96705299DD2D}.Debug|Any CPU.Build.0 = Debug|Any CPU
		{FCB78396-A204-44C6-9449-96705299DD2D}.Debug|Mixed Platforms.ActiveCfg = Debug|Any CPU
		{FCB78396-A204-44C6-9449-96705299DD2D}.Debug|Mixed Platforms.Build.0 = Debug|Any CPU
		{FCB78396-A204-44C6-9449-96705299DD2D}.Debug|x64.ActiveCfg = Debug|Any CPU
		{FCB78396-A204-44C6-9449-96705299DD2D}.Debug|x86.ActiveCfg = Debug|Any CPU
		{FCB78396-A204-44C6-9449-96705299DD2D}.Release x64|.NET.ActiveCfg = Release|Any CPU
		{FCB78396-A204-44C6-9449-96705299DD2D}.Release x64|Any CPU.ActiveCfg = Release|Any CPU
		{FCB78396-A204-44C6-9449-96705299DD2D}.Release x64|Any CPU.Build.0 = Release|Any CPU
		{FCB78396-A204-44C6-9449-96705299DD2D}.Release x64|Mixed Platforms.ActiveCfg = Release|Any CPU
		{FCB78396-A204-44C6-9449-96705299DD2D}.Release x64|Mixed Platforms.Build.0 = Release|Any CPU
		{FCB78396-A204-44C6-9449-96705299DD2D}.Release x64|x64.ActiveCfg = Release|Any CPU
		{FCB78396-A204-44C6-9449-96705299DD2D}.Release x64|x86.ActiveCfg = Release|Any CPU
		{FCB78396-A204-44C6-9449-96705299DD2D}.Release|.NET.ActiveCfg = Release|Any CPU
		{FCB78396-A204-44C6-9449-96705299DD2D}.Release|Any CPU.ActiveCfg = Release|Any CPU
		{FCB78396-A204-44C6-9449-96705299DD2D}.Release|Any CPU.Build.0 = Release|Any CPU
		{FCB78396-A204-44C6-9449-96705299DD2D}.Release|Mixed Platforms.ActiveCfg = Release|Any CPU
		{FCB78396-A204-44C6-9449-96705299DD2D}.Release|x64.ActiveCfg = Release|Any CPU
		{FCB78396-A204-44C6-9449-96705299DD2D}.Release|x86.ActiveCfg = Release|Any CPU
		{D08773CC-EEB0-403E-B66B-D1964626F985}.Debug|.NET.ActiveCfg = Debug|Any CPU
		{D08773CC-EEB0-403E-B66B-D1964626F985}.Debug|Any CPU.ActiveCfg = Debug|Any CPU
		{D08773CC-EEB0-403E-B66B-D1964626F985}.Debug|Any CPU.Build.0 = Debug|Any CPU
		{D08773CC-EEB0-403E-B66B-D1964626F985}.Debug|Mixed Platforms.ActiveCfg = Debug|Any CPU
		{D08773CC-EEB0-403E-B66B-D1964626F985}.Debug|Mixed Platforms.Build.0 = Debug|Any CPU
		{D08773CC-EEB0-403E-B66B-D1964626F985}.Debug|x64.ActiveCfg = Debug|Any CPU
		{D08773CC-EEB0-403E-B66B-D1964626F985}.Debug|x86.ActiveCfg = Debug|Any CPU
		{D08773CC-EEB0-403E-B66B-D1964626F985}.Release x64|.NET.ActiveCfg = Release|Any CPU
		{D08773CC-EEB0-403E-B66B-D1964626F985}.Release x64|Any CPU.ActiveCfg = Release|Any CPU
		{D08773CC-EEB0-403E-B66B-D1964626F985}.Release x64|Any CPU.Build.0 = Release|Any CPU
		{D08773CC-EEB0-403E-B66B-D1964626F985}.Release x64|Mixed Platforms.ActiveCfg = Release|Any CPU
		{D08773CC-EEB0-403E-B66B-D1964626F985}.Release x64|Mixed Platforms.Build.0 = Release|Any CPU
		{D08773CC-EEB0-403E-B66B-D1964626F985}.Release x64|x64.ActiveCfg = Release|Any CPU
		{D08773CC-EEB0-403E-B66B-D1964626F985}.Release x64|x86.ActiveCfg = Release|Any CPU
		{D08773CC-EEB0-403E-B66B-D1964626F985}.Release|.NET.ActiveCfg = Release|Any CPU
		{D08773CC-EEB0-403E-B66B-D1964626F985}.Release|Any CPU.ActiveCfg = Release|Any CPU
		{D08773CC-EEB0-403E-B66B-D1964626F985}.Release|Any CPU.Build.0 = Release|Any CPU
		{D08773CC-EEB0-403E-B66B-D1964626F985}.Release|Mixed Platforms.ActiveCfg = Release|Any CPU
		{D08773CC-EEB0-403E-B66B-D1964626F985}.Release|Mixed Platforms.Build.0 = Release|Any CPU
		{D08773CC-EEB0-403E-B66B-D1964626F985}.Release|x64.ActiveCfg = Release|Any CPU
		{D08773CC-EEB0-403E-B66B-D1964626F985}.Release|x86.ActiveCfg = Release|Any CPU
		{929F1E6E-6A34-47C7-B2E4-E3F13B28E243}.Debug|.NET.ActiveCfg = Debug|Any CPU
		{929F1E6E-6A34-47C7-B2E4-E3F13B28E243}.Debug|Any CPU.ActiveCfg = Debug|Any CPU
		{929F1E6E-6A34-47C7-B2E4-E3F13B28E243}.Debug|Any CPU.Build.0 = Debug|Any CPU
		{929F1E6E-6A34-47C7-B2E4-E3F13B28E243}.Debug|Mixed Platforms.ActiveCfg = Debug|Any CPU
		{929F1E6E-6A34-47C7-B2E4-E3F13B28E243}.Debug|Mixed Platforms.Build.0 = Debug|Any CPU
		{929F1E6E-6A34-47C7-B2E4-E3F13B28E243}.Debug|x64.ActiveCfg = Debug|Any CPU
		{929F1E6E-6A34-47C7-B2E4-E3F13B28E243}.Debug|x86.ActiveCfg = Debug|Any CPU
		{929F1E6E-6A34-47C7-B2E4-E3F13B28E243}.Release x64|.NET.ActiveCfg = Release|Any CPU
		{929F1E6E-6A34-47C7-B2E4-E3F13B28E243}.Release x64|Any CPU.ActiveCfg = Release|Any CPU
		{929F1E6E-6A34-47C7-B2E4-E3F13B28E243}.Release x64|Any CPU.Build.0 = Release|Any CPU
		{929F1E6E-6A34-47C7-B2E4-E3F13B28E243}.Release x64|Mixed Platforms.ActiveCfg = Release|Any CPU
		{929F1E6E-6A34-47C7-B2E4-E3F13B28E243}.Release x64|Mixed Platforms.Build.0 = Release|Any CPU
		{929F1E6E-6A34-47C7-B2E4-E3F13B28E243}.Release x64|x64.ActiveCfg = Release|Any CPU
		{929F1E6E-6A34-47C7-B2E4-E3F13B28E243}.Release x64|x86.ActiveCfg = Release|Any CPU
		{929F1E6E-6A34-47C7-B2E4-E3F13B28E243}.Release|.NET.ActiveCfg = Release|Any CPU
		{929F1E6E-6A34-47C7-B2E4-E3F13B28E243}.Release|Any CPU.ActiveCfg = Release|Any CPU
		{929F1E6E-6A34-47C7-B2E4-E3F13B28E243}.Release|Any CPU.Build.0 = Release|Any CPU
		{929F1E6E-6A34-47C7-B2E4-E3F13B28E243}.Release|Mixed Platforms.ActiveCfg = Release|Any CPU
		{929F1E6E-6A34-47C7-B2E4-E3F13B28E243}.Release|Mixed Platforms.Build.0 = Release|Any CPU
		{929F1E6E-6A34-47C7-B2E4-E3F13B28E243}.Release|x64.ActiveCfg = Release|Any CPU
		{929F1E6E-6A34-47C7-B2E4-E3F13B28E243}.Release|x86.ActiveCfg = Release|Any CPU
		{19DBDEC2-CE4B-4344-AF68-FD769A2B65A7}.Debug|.NET.ActiveCfg = Debug|Any CPU
		{19DBDEC2-CE4B-4344-AF68-FD769A2B65A7}.Debug|Any CPU.ActiveCfg = Debug|Any CPU
		{19DBDEC2-CE4B-4344-AF68-FD769A2B65A7}.Debug|Any CPU.Build.0 = Debug|Any CPU
		{19DBDEC2-CE4B-4344-AF68-FD769A2B65A7}.Debug|Mixed Platforms.ActiveCfg = Debug|Any CPU
		{19DBDEC2-CE4B-4344-AF68-FD769A2B65A7}.Debug|Mixed Platforms.Build.0 = Debug|Any CPU
		{19DBDEC2-CE4B-4344-AF68-FD769A2B65A7}.Debug|x64.ActiveCfg = Debug|Any CPU
		{19DBDEC2-CE4B-4344-AF68-FD769A2B65A7}.Debug|x86.ActiveCfg = Debug|Any CPU
		{19DBDEC2-CE4B-4344-AF68-FD769A2B65A7}.Release x64|.NET.ActiveCfg = Release|Any CPU
		{19DBDEC2-CE4B-4344-AF68-FD769A2B65A7}.Release x64|Any CPU.ActiveCfg = Release|Any CPU
		{19DBDEC2-CE4B-4344-AF68-FD769A2B65A7}.Release x64|Any CPU.Build.0 = Release|Any CPU
		{19DBDEC2-CE4B-4344-AF68-FD769A2B65A7}.Release x64|Mixed Platforms.ActiveCfg = Release|Any CPU
		{19DBDEC2-CE4B-4344-AF68-FD769A2B65A7}.Release x64|Mixed Platforms.Build.0 = Release|Any CPU
		{19DBDEC2-CE4B-4344-AF68-FD769A2B65A7}.Release x64|x64.ActiveCfg = Release|Any CPU
		{19DBDEC2-CE4B-4344-AF68-FD769A2B65A7}.Release x64|x86.ActiveCfg = Release|Any CPU
		{19DBDEC2-CE4B-4344-AF68-FD769A2B65A7}.Release|.NET.ActiveCfg = Release|Any CPU
		{19DBDEC2-CE4B-4344-AF68-FD769A2B65A7}.Release|Any CPU.ActiveCfg = Release|Any CPU
		{19DBDEC2-CE4B-4344-AF68-FD769A2B65A7}.Release|Any CPU.Build.0 = Release|Any CPU
		{19DBDEC2-CE4B-4344-AF68-FD769A2B65A7}.Release|Mixed Platforms.ActiveCfg = Release|Any CPU
		{19DBDEC2-CE4B-4344-AF68-FD769A2B65A7}.Release|x64.ActiveCfg = Release|Any CPU
		{19DBDEC2-CE4B-4344-AF68-FD769A2B65A7}.Release|x86.ActiveCfg = Release|Any CPU
		{42114C78-167B-41F4-AEEA-9AFEE4F5572C}.Debug|.NET.ActiveCfg = Debug|Any CPU
		{42114C78-167B-41F4-AEEA-9AFEE4F5572C}.Debug|Any CPU.ActiveCfg = Debug|Any CPU
		{42114C78-167B-41F4-AEEA-9AFEE4F5572C}.Debug|Any CPU.Build.0 = Debug|Any CPU
		{42114C78-167B-41F4-AEEA-9AFEE4F5572C}.Debug|Mixed Platforms.ActiveCfg = Debug|Any CPU
		{42114C78-167B-41F4-AEEA-9AFEE4F5572C}.Debug|Mixed Platforms.Build.0 = Debug|Any CPU
		{42114C78-167B-41F4-AEEA-9AFEE4F5572C}.Debug|x64.ActiveCfg = Debug|Any CPU
		{42114C78-167B-41F4-AEEA-9AFEE4F5572C}.Debug|x86.ActiveCfg = Debug|Any CPU
		{42114C78-167B-41F4-AEEA-9AFEE4F5572C}.Release x64|.NET.ActiveCfg = Release|Any CPU
		{42114C78-167B-41F4-AEEA-9AFEE4F5572C}.Release x64|Any CPU.ActiveCfg = Release|Any CPU
		{42114C78-167B-41F4-AEEA-9AFEE4F5572C}.Release x64|Any CPU.Build.0 = Release|Any CPU
		{42114C78-167B-41F4-AEEA-9AFEE4F5572C}.Release x64|Mixed Platforms.ActiveCfg = Release|Any CPU
		{42114C78-167B-41F4-AEEA-9AFEE4F5572C}.Release x64|Mixed Platforms.Build.0 = Release|Any CPU
		{42114C78-167B-41F4-AEEA-9AFEE4F5572C}.Release x64|x64.ActiveCfg = Release|Any CPU
		{42114C78-167B-41F4-AEEA-9AFEE4F5572C}.Release x64|x86.ActiveCfg = Release|Any CPU
		{42114C78-167B-41F4-AEEA-9AFEE4F5572C}.Release|.NET.ActiveCfg = Release|Any CPU
		{42114C78-167B-41F4-AEEA-9AFEE4F5572C}.Release|Any CPU.ActiveCfg = Release|Any CPU
		{42114C78-167B-41F4-AEEA-9AFEE4F5572C}.Release|Any CPU.Build.0 = Release|Any CPU
		{42114C78-167B-41F4-AEEA-9AFEE4F5572C}.Release|Mixed Platforms.ActiveCfg = Release|Any CPU
		{42114C78-167B-41F4-AEEA-9AFEE4F5572C}.Release|Mixed Platforms.Build.0 = Release|Any CPU
		{42114C78-167B-41F4-AEEA-9AFEE4F5572C}.Release|x64.ActiveCfg = Release|Any CPU
		{42114C78-167B-41F4-AEEA-9AFEE4F5572C}.Release|x86.ActiveCfg = Release|Any CPU
		{355FCEE7-4743-415F-BEE6-9C044DE9BA4B}.Debug|.NET.ActiveCfg = Debug|Any CPU
		{355FCEE7-4743-415F-BEE6-9C044DE9BA4B}.Debug|Any CPU.ActiveCfg = Debug|Any CPU
		{355FCEE7-4743-415F-BEE6-9C044DE9BA4B}.Debug|Any CPU.Build.0 = Debug|Any CPU
		{355FCEE7-4743-415F-BEE6-9C044DE9BA4B}.Debug|Mixed Platforms.ActiveCfg = Debug|Any CPU
		{355FCEE7-4743-415F-BEE6-9C044DE9BA4B}.Debug|Mixed Platforms.Build.0 = Debug|Any CPU
		{355FCEE7-4743-415F-BEE6-9C044DE9BA4B}.Debug|x64.ActiveCfg = Debug|Any CPU
		{355FCEE7-4743-415F-BEE6-9C044DE9BA4B}.Debug|x86.ActiveCfg = Debug|Any CPU
		{355FCEE7-4743-415F-BEE6-9C044DE9BA4B}.Release x64|.NET.ActiveCfg = Release|Any CPU
		{355FCEE7-4743-415F-BEE6-9C044DE9BA4B}.Release x64|Any CPU.ActiveCfg = Release|Any CPU
		{355FCEE7-4743-415F-BEE6-9C044DE9BA4B}.Release x64|Any CPU.Build.0 = Release|Any CPU
		{355FCEE7-4743-415F-BEE6-9C044DE9BA4B}.Release x64|Mixed Platforms.ActiveCfg = Release|Any CPU
		{355FCEE7-4743-415F-BEE6-9C044DE9BA4B}.Release x64|Mixed Platforms.Build.0 = Release|Any CPU
		{355FCEE7-4743-415F-BEE6-9C044DE9BA4B}.Release x64|x64.ActiveCfg = Release|Any CPU
		{355FCEE7-4743-415F-BEE6-9C044DE9BA4B}.Release x64|x86.ActiveCfg = Release|Any CPU
		{355FCEE7-4743-415F-BEE6-9C044DE9BA4B}.Release|.NET.ActiveCfg = Release|Any CPU
		{355FCEE7-4743-415F-BEE6-9C044DE9BA4B}.Release|Any CPU.ActiveCfg = Release|Any CPU
		{355FCEE7-4743-415F-BEE6-9C044DE9BA4B}.Release|Any CPU.Build.0 = Release|Any CPU
		{355FCEE7-4743-415F-BEE6-9C044DE9BA4B}.Release|Mixed Platforms.ActiveCfg = Release|Any CPU
		{355FCEE7-4743-415F-BEE6-9C044DE9BA4B}.Release|Mixed Platforms.Build.0 = Release|Any CPU
		{355FCEE7-4743-415F-BEE6-9C044DE9BA4B}.Release|x64.ActiveCfg = Release|Any CPU
		{355FCEE7-4743-415F-BEE6-9C044DE9BA4B}.Release|x86.ActiveCfg = Release|Any CPU
		{492E85F3-ABEB-4975-ACF8-2D8A79F9CE86}.Debug|.NET.ActiveCfg = Debug|Any CPU
		{492E85F3-ABEB-4975-ACF8-2D8A79F9CE86}.Debug|Any CPU.ActiveCfg = Debug|Any CPU
		{492E85F3-ABEB-4975-ACF8-2D8A79F9CE86}.Debug|Any CPU.Build.0 = Debug|Any CPU
		{492E85F3-ABEB-4975-ACF8-2D8A79F9CE86}.Debug|Mixed Platforms.ActiveCfg = Debug|Any CPU
		{492E85F3-ABEB-4975-ACF8-2D8A79F9CE86}.Debug|Mixed Platforms.Build.0 = Debug|Any CPU
		{492E85F3-ABEB-4975-ACF8-2D8A79F9CE86}.Debug|x64.ActiveCfg = Debug|Any CPU
		{492E85F3-ABEB-4975-ACF8-2D8A79F9CE86}.Debug|x86.ActiveCfg = Debug|Any CPU
		{492E85F3-ABEB-4975-ACF8-2D8A79F9CE86}.Release x64|.NET.ActiveCfg = Release|Any CPU
		{492E85F3-ABEB-4975-ACF8-2D8A79F9CE86}.Release x64|Any CPU.ActiveCfg = Release|Any CPU
		{492E85F3-ABEB-4975-ACF8-2D8A79F9CE86}.Release x64|Any CPU.Build.0 = Release|Any CPU
		{492E85F3-ABEB-4975-ACF8-2D8A79F9CE86}.Release x64|Mixed Platforms.ActiveCfg = Release|Any CPU
		{492E85F3-ABEB-4975-ACF8-2D8A79F9CE86}.Release x64|Mixed Platforms.Build.0 = Release|Any CPU
		{492E85F3-ABEB-4975-ACF8-2D8A79F9CE86}.Release x64|x64.ActiveCfg = Release|Any CPU
		{492E85F3-ABEB-4975-ACF8-2D8A79F9CE86}.Release x64|x86.ActiveCfg = Release|Any CPU
		{492E85F3-ABEB-4975-ACF8-2D8A79F9CE86}.Release|.NET.ActiveCfg = Release|Any CPU
		{492E85F3-ABEB-4975-ACF8-2D8A79F9CE86}.Release|Any CPU.ActiveCfg = Release|Any CPU
		{492E85F3-ABEB-4975-ACF8-2D8A79F9CE86}.Release|Any CPU.Build.0 = Release|Any CPU
		{492E85F3-ABEB-4975-ACF8-2D8A79F9CE86}.Release|Mixed Platforms.ActiveCfg = Release|Any CPU
		{492E85F3-ABEB-4975-ACF8-2D8A79F9CE86}.Release|Mixed Platforms.Build.0 = Release|Any CPU
		{492E85F3-ABEB-4975-ACF8-2D8A79F9CE86}.Release|x64.ActiveCfg = Release|Any CPU
		{492E85F3-ABEB-4975-ACF8-2D8A79F9CE86}.Release|x86.ActiveCfg = Release|Any CPU
		{AC2E4047-9529-49C7-B34D-5408DEE94B96}.Debug|.NET.ActiveCfg = Debug|Any CPU
		{AC2E4047-9529-49C7-B34D-5408DEE94B96}.Debug|Any CPU.ActiveCfg = Debug|Any CPU
		{AC2E4047-9529-49C7-B34D-5408DEE94B96}.Debug|Any CPU.Build.0 = Debug|Any CPU
		{AC2E4047-9529-49C7-B34D-5408DEE94B96}.Debug|Mixed Platforms.ActiveCfg = Debug|Any CPU
		{AC2E4047-9529-49C7-B34D-5408DEE94B96}.Debug|Mixed Platforms.Build.0 = Debug|Any CPU
		{AC2E4047-9529-49C7-B34D-5408DEE94B96}.Debug|x64.ActiveCfg = Debug|Any CPU
		{AC2E4047-9529-49C7-B34D-5408DEE94B96}.Debug|x86.ActiveCfg = Debug|Any CPU
		{AC2E4047-9529-49C7-B34D-5408DEE94B96}.Release x64|.NET.ActiveCfg = Release|Any CPU
		{AC2E4047-9529-49C7-B34D-5408DEE94B96}.Release x64|Any CPU.ActiveCfg = Release|Any CPU
		{AC2E4047-9529-49C7-B34D-5408DEE94B96}.Release x64|Any CPU.Build.0 = Release|Any CPU
		{AC2E4047-9529-49C7-B34D-5408DEE94B96}.Release x64|Mixed Platforms.ActiveCfg = Release|Any CPU
		{AC2E4047-9529-49C7-B34D-5408DEE94B96}.Release x64|Mixed Platforms.Build.0 = Release|Any CPU
		{AC2E4047-9529-49C7-B34D-5408DEE94B96}.Release x64|x64.ActiveCfg = Release|Any CPU
		{AC2E4047-9529-49C7-B34D-5408DEE94B96}.Release x64|x86.ActiveCfg = Release|Any CPU
		{AC2E4047-9529-49C7-B34D-5408DEE94B96}.Release|.NET.ActiveCfg = Release|Any CPU
		{AC2E4047-9529-49C7-B34D-5408DEE94B96}.Release|Any CPU.ActiveCfg = Release|Any CPU
		{AC2E4047-9529-49C7-B34D-5408DEE94B96}.Release|Any CPU.Build.0 = Release|Any CPU
		{AC2E4047-9529-49C7-B34D-5408DEE94B96}.Release|Mixed Platforms.ActiveCfg = Release|Any CPU
		{AC2E4047-9529-49C7-B34D-5408DEE94B96}.Release|Mixed Platforms.Build.0 = Release|Any CPU
		{AC2E4047-9529-49C7-B34D-5408DEE94B96}.Release|x64.ActiveCfg = Release|Any CPU
		{AC2E4047-9529-49C7-B34D-5408DEE94B96}.Release|x86.ActiveCfg = Release|Any CPU
		{66348C8E-7FFB-44B1-8972-4D9D754CE845}.Debug|.NET.ActiveCfg = Debug|Any CPU
		{66348C8E-7FFB-44B1-8972-4D9D754CE845}.Debug|.NET.Build.0 = Debug|Any CPU
		{66348C8E-7FFB-44B1-8972-4D9D754CE845}.Debug|Any CPU.ActiveCfg = Debug|Any CPU
		{66348C8E-7FFB-44B1-8972-4D9D754CE845}.Debug|Any CPU.Build.0 = Debug|Any CPU
		{66348C8E-7FFB-44B1-8972-4D9D754CE845}.Debug|Mixed Platforms.ActiveCfg = Debug|Any CPU
		{66348C8E-7FFB-44B1-8972-4D9D754CE845}.Debug|Mixed Platforms.Build.0 = Debug|Any CPU
		{66348C8E-7FFB-44B1-8972-4D9D754CE845}.Debug|x64.ActiveCfg = Debug|Any CPU
		{66348C8E-7FFB-44B1-8972-4D9D754CE845}.Debug|x64.Build.0 = Debug|Any CPU
		{66348C8E-7FFB-44B1-8972-4D9D754CE845}.Debug|x86.ActiveCfg = Debug|Any CPU
		{66348C8E-7FFB-44B1-8972-4D9D754CE845}.Debug|x86.Build.0 = Debug|Any CPU
		{66348C8E-7FFB-44B1-8972-4D9D754CE845}.Release x64|.NET.ActiveCfg = Release|Any CPU
		{66348C8E-7FFB-44B1-8972-4D9D754CE845}.Release x64|.NET.Build.0 = Release|Any CPU
		{66348C8E-7FFB-44B1-8972-4D9D754CE845}.Release x64|Any CPU.ActiveCfg = Release|Any CPU
		{66348C8E-7FFB-44B1-8972-4D9D754CE845}.Release x64|Any CPU.Build.0 = Release|Any CPU
		{66348C8E-7FFB-44B1-8972-4D9D754CE845}.Release x64|Mixed Platforms.ActiveCfg = Release|Any CPU
		{66348C8E-7FFB-44B1-8972-4D9D754CE845}.Release x64|Mixed Platforms.Build.0 = Release|Any CPU
		{66348C8E-7FFB-44B1-8972-4D9D754CE845}.Release x64|x64.ActiveCfg = Release|Any CPU
		{66348C8E-7FFB-44B1-8972-4D9D754CE845}.Release x64|x64.Build.0 = Release|Any CPU
		{66348C8E-7FFB-44B1-8972-4D9D754CE845}.Release x64|x86.ActiveCfg = Release|Any CPU
		{66348C8E-7FFB-44B1-8972-4D9D754CE845}.Release x64|x86.Build.0 = Release|Any CPU
		{66348C8E-7FFB-44B1-8972-4D9D754CE845}.Release|.NET.ActiveCfg = Release|Any CPU
		{66348C8E-7FFB-44B1-8972-4D9D754CE845}.Release|.NET.Build.0 = Release|Any CPU
		{66348C8E-7FFB-44B1-8972-4D9D754CE845}.Release|Any CPU.ActiveCfg = Release|Any CPU
		{66348C8E-7FFB-44B1-8972-4D9D754CE845}.Release|Any CPU.Build.0 = Release|Any CPU
		{66348C8E-7FFB-44B1-8972-4D9D754CE845}.Release|Mixed Platforms.ActiveCfg = Release|Any CPU
		{66348C8E-7FFB-44B1-8972-4D9D754CE845}.Release|Mixed Platforms.Build.0 = Release|Any CPU
		{66348C8E-7FFB-44B1-8972-4D9D754CE845}.Release|x64.ActiveCfg = Release|Any CPU
		{66348C8E-7FFB-44B1-8972-4D9D754CE845}.Release|x64.Build.0 = Release|Any CPU
		{66348C8E-7FFB-44B1-8972-4D9D754CE845}.Release|x86.ActiveCfg = Release|Any CPU
		{66348C8E-7FFB-44B1-8972-4D9D754CE845}.Release|x86.Build.0 = Release|Any CPU
		{57E26AD5-DAD0-4E08-9BFE-9B643859A237}.Debug|.NET.ActiveCfg = Debug|Any CPU
		{57E26AD5-DAD0-4E08-9BFE-9B643859A237}.Debug|.NET.Build.0 = Debug|Any CPU
		{57E26AD5-DAD0-4E08-9BFE-9B643859A237}.Debug|Any CPU.ActiveCfg = Debug|Any CPU
		{57E26AD5-DAD0-4E08-9BFE-9B643859A237}.Debug|Any CPU.Build.0 = Debug|Any CPU
		{57E26AD5-DAD0-4E08-9BFE-9B643859A237}.Debug|Mixed Platforms.ActiveCfg = Debug|Any CPU
		{57E26AD5-DAD0-4E08-9BFE-9B643859A237}.Debug|Mixed Platforms.Build.0 = Debug|Any CPU
		{57E26AD5-DAD0-4E08-9BFE-9B643859A237}.Debug|x64.ActiveCfg = Debug|Any CPU
		{57E26AD5-DAD0-4E08-9BFE-9B643859A237}.Debug|x64.Build.0 = Debug|Any CPU
		{57E26AD5-DAD0-4E08-9BFE-9B643859A237}.Debug|x86.ActiveCfg = Debug|Any CPU
		{57E26AD5-DAD0-4E08-9BFE-9B643859A237}.Debug|x86.Build.0 = Debug|Any CPU
		{57E26AD5-DAD0-4E08-9BFE-9B643859A237}.Release x64|.NET.ActiveCfg = Release|Any CPU
		{57E26AD5-DAD0-4E08-9BFE-9B643859A237}.Release x64|.NET.Build.0 = Release|Any CPU
		{57E26AD5-DAD0-4E08-9BFE-9B643859A237}.Release x64|Any CPU.ActiveCfg = Release|Any CPU
		{57E26AD5-DAD0-4E08-9BFE-9B643859A237}.Release x64|Any CPU.Build.0 = Release|Any CPU
		{57E26AD5-DAD0-4E08-9BFE-9B643859A237}.Release x64|Mixed Platforms.ActiveCfg = Release|Any CPU
		{57E26AD5-DAD0-4E08-9BFE-9B643859A237}.Release x64|Mixed Platforms.Build.0 = Release|Any CPU
		{57E26AD5-DAD0-4E08-9BFE-9B643859A237}.Release x64|x64.ActiveCfg = Release|Any CPU
		{57E26AD5-DAD0-4E08-9BFE-9B643859A237}.Release x64|x64.Build.0 = Release|Any CPU
		{57E26AD5-DAD0-4E08-9BFE-9B643859A237}.Release x64|x86.ActiveCfg = Release|Any CPU
		{57E26AD5-DAD0-4E08-9BFE-9B643859A237}.Release x64|x86.Build.0 = Release|Any CPU
		{57E26AD5-DAD0-4E08-9BFE-9B643859A237}.Release|.NET.ActiveCfg = Release|Any CPU
		{57E26AD5-DAD0-4E08-9BFE-9B643859A237}.Release|.NET.Build.0 = Release|Any CPU
		{57E26AD5-DAD0-4E08-9BFE-9B643859A237}.Release|Any CPU.ActiveCfg = Release|Any CPU
		{57E26AD5-DAD0-4E08-9BFE-9B643859A237}.Release|Any CPU.Build.0 = Release|Any CPU
		{57E26AD5-DAD0-4E08-9BFE-9B643859A237}.Release|Mixed Platforms.ActiveCfg = Release|Any CPU
		{57E26AD5-DAD0-4E08-9BFE-9B643859A237}.Release|Mixed Platforms.Build.0 = Release|Any CPU
		{57E26AD5-DAD0-4E08-9BFE-9B643859A237}.Release|x64.ActiveCfg = Release|Any CPU
		{57E26AD5-DAD0-4E08-9BFE-9B643859A237}.Release|x64.Build.0 = Release|Any CPU
		{57E26AD5-DAD0-4E08-9BFE-9B643859A237}.Release|x86.ActiveCfg = Release|Any CPU
		{57E26AD5-DAD0-4E08-9BFE-9B643859A237}.Release|x86.Build.0 = Release|Any CPU
		{A263AF5E-07EF-4711-9042-23441FAF564F}.Debug|.NET.ActiveCfg = Debug|Any CPU
		{A263AF5E-07EF-4711-9042-23441FAF564F}.Debug|.NET.Build.0 = Debug|Any CPU
		{A263AF5E-07EF-4711-9042-23441FAF564F}.Debug|Any CPU.ActiveCfg = Debug|Any CPU
		{A263AF5E-07EF-4711-9042-23441FAF564F}.Debug|Any CPU.Build.0 = Debug|Any CPU
		{A263AF5E-07EF-4711-9042-23441FAF564F}.Debug|Mixed Platforms.ActiveCfg = Debug|Any CPU
		{A263AF5E-07EF-4711-9042-23441FAF564F}.Debug|Mixed Platforms.Build.0 = Debug|Any CPU
		{A263AF5E-07EF-4711-9042-23441FAF564F}.Debug|x64.ActiveCfg = Debug|Any CPU
		{A263AF5E-07EF-4711-9042-23441FAF564F}.Debug|x64.Build.0 = Debug|Any CPU
		{A263AF5E-07EF-4711-9042-23441FAF564F}.Debug|x86.ActiveCfg = Debug|Any CPU
		{A263AF5E-07EF-4711-9042-23441FAF564F}.Debug|x86.Build.0 = Debug|Any CPU
		{A263AF5E-07EF-4711-9042-23441FAF564F}.Release x64|.NET.ActiveCfg = Release|Any CPU
		{A263AF5E-07EF-4711-9042-23441FAF564F}.Release x64|.NET.Build.0 = Release|Any CPU
		{A263AF5E-07EF-4711-9042-23441FAF564F}.Release x64|Any CPU.ActiveCfg = Release|Any CPU
		{A263AF5E-07EF-4711-9042-23441FAF564F}.Release x64|Any CPU.Build.0 = Release|Any CPU
		{A263AF5E-07EF-4711-9042-23441FAF564F}.Release x64|Mixed Platforms.ActiveCfg = Release|Any CPU
		{A263AF5E-07EF-4711-9042-23441FAF564F}.Release x64|Mixed Platforms.Build.0 = Release|Any CPU
		{A263AF5E-07EF-4711-9042-23441FAF564F}.Release x64|x64.ActiveCfg = Release|Any CPU
		{A263AF5E-07EF-4711-9042-23441FAF564F}.Release x64|x64.Build.0 = Release|Any CPU
		{A263AF5E-07EF-4711-9042-23441FAF564F}.Release x64|x86.ActiveCfg = Release|Any CPU
		{A263AF5E-07EF-4711-9042-23441FAF564F}.Release x64|x86.Build.0 = Release|Any CPU
		{A263AF5E-07EF-4711-9042-23441FAF564F}.Release|.NET.ActiveCfg = Release|Any CPU
		{A263AF5E-07EF-4711-9042-23441FAF564F}.Release|.NET.Build.0 = Release|Any CPU
		{A263AF5E-07EF-4711-9042-23441FAF564F}.Release|Any CPU.ActiveCfg = Release|Any CPU
		{A263AF5E-07EF-4711-9042-23441FAF564F}.Release|Any CPU.Build.0 = Release|Any CPU
		{A263AF5E-07EF-4711-9042-23441FAF564F}.Release|Mixed Platforms.ActiveCfg = Release|Any CPU
		{A263AF5E-07EF-4711-9042-23441FAF564F}.Release|Mixed Platforms.Build.0 = Release|Any CPU
		{A263AF5E-07EF-4711-9042-23441FAF564F}.Release|x64.ActiveCfg = Release|Any CPU
		{A263AF5E-07EF-4711-9042-23441FAF564F}.Release|x64.Build.0 = Release|Any CPU
		{A263AF5E-07EF-4711-9042-23441FAF564F}.Release|x86.ActiveCfg = Release|Any CPU
		{A263AF5E-07EF-4711-9042-23441FAF564F}.Release|x86.Build.0 = Release|Any CPU
		{9645EBFA-1561-4715-AB36-E7F97AC73C0D}.Debug|.NET.ActiveCfg = Debug|Any CPU
		{9645EBFA-1561-4715-AB36-E7F97AC73C0D}.Debug|.NET.Build.0 = Debug|Any CPU
		{9645EBFA-1561-4715-AB36-E7F97AC73C0D}.Debug|Any CPU.ActiveCfg = Debug|Any CPU
		{9645EBFA-1561-4715-AB36-E7F97AC73C0D}.Debug|Any CPU.Build.0 = Debug|Any CPU
		{9645EBFA-1561-4715-AB36-E7F97AC73C0D}.Debug|Mixed Platforms.ActiveCfg = Debug|Any CPU
		{9645EBFA-1561-4715-AB36-E7F97AC73C0D}.Debug|Mixed Platforms.Build.0 = Debug|Any CPU
		{9645EBFA-1561-4715-AB36-E7F97AC73C0D}.Debug|x64.ActiveCfg = Debug|Any CPU
		{9645EBFA-1561-4715-AB36-E7F97AC73C0D}.Debug|x64.Build.0 = Debug|Any CPU
		{9645EBFA-1561-4715-AB36-E7F97AC73C0D}.Debug|x86.ActiveCfg = Debug|Any CPU
		{9645EBFA-1561-4715-AB36-E7F97AC73C0D}.Debug|x86.Build.0 = Debug|Any CPU
		{9645EBFA-1561-4715-AB36-E7F97AC73C0D}.Release x64|.NET.ActiveCfg = Release|Any CPU
		{9645EBFA-1561-4715-AB36-E7F97AC73C0D}.Release x64|.NET.Build.0 = Release|Any CPU
		{9645EBFA-1561-4715-AB36-E7F97AC73C0D}.Release x64|Any CPU.ActiveCfg = Release|Any CPU
		{9645EBFA-1561-4715-AB36-E7F97AC73C0D}.Release x64|Any CPU.Build.0 = Release|Any CPU
		{9645EBFA-1561-4715-AB36-E7F97AC73C0D}.Release x64|Mixed Platforms.ActiveCfg = Release|Any CPU
		{9645EBFA-1561-4715-AB36-E7F97AC73C0D}.Release x64|Mixed Platforms.Build.0 = Release|Any CPU
		{9645EBFA-1561-4715-AB36-E7F97AC73C0D}.Release x64|x64.ActiveCfg = Release|Any CPU
		{9645EBFA-1561-4715-AB36-E7F97AC73C0D}.Release x64|x64.Build.0 = Release|Any CPU
		{9645EBFA-1561-4715-AB36-E7F97AC73C0D}.Release x64|x86.ActiveCfg = Release|Any CPU
		{9645EBFA-1561-4715-AB36-E7F97AC73C0D}.Release x64|x86.Build.0 = Release|Any CPU
		{9645EBFA-1561-4715-AB36-E7F97AC73C0D}.Release|.NET.ActiveCfg = Release|Any CPU
		{9645EBFA-1561-4715-AB36-E7F97AC73C0D}.Release|.NET.Build.0 = Release|Any CPU
		{9645EBFA-1561-4715-AB36-E7F97AC73C0D}.Release|Any CPU.ActiveCfg = Release|Any CPU
		{9645EBFA-1561-4715-AB36-E7F97AC73C0D}.Release|Any CPU.Build.0 = Release|Any CPU
		{9645EBFA-1561-4715-AB36-E7F97AC73C0D}.Release|Mixed Platforms.ActiveCfg = Release|Any CPU
		{9645EBFA-1561-4715-AB36-E7F97AC73C0D}.Release|Mixed Platforms.Build.0 = Release|Any CPU
		{9645EBFA-1561-4715-AB36-E7F97AC73C0D}.Release|x64.ActiveCfg = Release|Any CPU
		{9645EBFA-1561-4715-AB36-E7F97AC73C0D}.Release|x64.Build.0 = Release|Any CPU
		{9645EBFA-1561-4715-AB36-E7F97AC73C0D}.Release|x86.ActiveCfg = Release|Any CPU
		{9645EBFA-1561-4715-AB36-E7F97AC73C0D}.Release|x86.Build.0 = Release|Any CPU
		{00C19ACD-7895-4DB4-83AD-CE427D65E28B}.Debug|.NET.ActiveCfg = Debug|Any CPU
		{00C19ACD-7895-4DB4-83AD-CE427D65E28B}.Debug|.NET.Build.0 = Debug|Any CPU
		{00C19ACD-7895-4DB4-83AD-CE427D65E28B}.Debug|Any CPU.ActiveCfg = Debug|Any CPU
		{00C19ACD-7895-4DB4-83AD-CE427D65E28B}.Debug|Any CPU.Build.0 = Debug|Any CPU
		{00C19ACD-7895-4DB4-83AD-CE427D65E28B}.Debug|Mixed Platforms.ActiveCfg = Debug|Any CPU
		{00C19ACD-7895-4DB4-83AD-CE427D65E28B}.Debug|Mixed Platforms.Build.0 = Debug|Any CPU
		{00C19ACD-7895-4DB4-83AD-CE427D65E28B}.Debug|x64.ActiveCfg = Debug|Any CPU
		{00C19ACD-7895-4DB4-83AD-CE427D65E28B}.Debug|x64.Build.0 = Debug|Any CPU
		{00C19ACD-7895-4DB4-83AD-CE427D65E28B}.Debug|x86.ActiveCfg = Debug|Any CPU
		{00C19ACD-7895-4DB4-83AD-CE427D65E28B}.Debug|x86.Build.0 = Debug|Any CPU
		{00C19ACD-7895-4DB4-83AD-CE427D65E28B}.Release x64|.NET.ActiveCfg = Release|Any CPU
		{00C19ACD-7895-4DB4-83AD-CE427D65E28B}.Release x64|.NET.Build.0 = Release|Any CPU
		{00C19ACD-7895-4DB4-83AD-CE427D65E28B}.Release x64|Any CPU.ActiveCfg = Release|Any CPU
		{00C19ACD-7895-4DB4-83AD-CE427D65E28B}.Release x64|Any CPU.Build.0 = Release|Any CPU
		{00C19ACD-7895-4DB4-83AD-CE427D65E28B}.Release x64|Mixed Platforms.ActiveCfg = Release|Any CPU
		{00C19ACD-7895-4DB4-83AD-CE427D65E28B}.Release x64|Mixed Platforms.Build.0 = Release|Any CPU
		{00C19ACD-7895-4DB4-83AD-CE427D65E28B}.Release x64|x64.ActiveCfg = Release|Any CPU
		{00C19ACD-7895-4DB4-83AD-CE427D65E28B}.Release x64|x64.Build.0 = Release|Any CPU
		{00C19ACD-7895-4DB4-83AD-CE427D65E28B}.Release x64|x86.ActiveCfg = Release|Any CPU
		{00C19ACD-7895-4DB4-83AD-CE427D65E28B}.Release x64|x86.Build.0 = Release|Any CPU
		{00C19ACD-7895-4DB4-83AD-CE427D65E28B}.Release|.NET.ActiveCfg = Release|Any CPU
		{00C19ACD-7895-4DB4-83AD-CE427D65E28B}.Release|.NET.Build.0 = Release|Any CPU
		{00C19ACD-7895-4DB4-83AD-CE427D65E28B}.Release|Any CPU.ActiveCfg = Release|Any CPU
		{00C19ACD-7895-4DB4-83AD-CE427D65E28B}.Release|Any CPU.Build.0 = Release|Any CPU
		{00C19ACD-7895-4DB4-83AD-CE427D65E28B}.Release|Mixed Platforms.ActiveCfg = Release|Any CPU
		{00C19ACD-7895-4DB4-83AD-CE427D65E28B}.Release|Mixed Platforms.Build.0 = Release|Any CPU
		{00C19ACD-7895-4DB4-83AD-CE427D65E28B}.Release|x64.ActiveCfg = Release|Any CPU
		{00C19ACD-7895-4DB4-83AD-CE427D65E28B}.Release|x64.Build.0 = Release|Any CPU
		{00C19ACD-7895-4DB4-83AD-CE427D65E28B}.Release|x86.ActiveCfg = Release|Any CPU
		{00C19ACD-7895-4DB4-83AD-CE427D65E28B}.Release|x86.Build.0 = Release|Any CPU
		{0CD95878-036F-4C31-B6F2-D78CC61D0683}.Debug|.NET.ActiveCfg = Debug|Any CPU
		{0CD95878-036F-4C31-B6F2-D78CC61D0683}.Debug|.NET.Build.0 = Debug|Any CPU
		{0CD95878-036F-4C31-B6F2-D78CC61D0683}.Debug|Any CPU.ActiveCfg = Debug|Any CPU
		{0CD95878-036F-4C31-B6F2-D78CC61D0683}.Debug|Any CPU.Build.0 = Debug|Any CPU
		{0CD95878-036F-4C31-B6F2-D78CC61D0683}.Debug|Mixed Platforms.ActiveCfg = Debug|Any CPU
		{0CD95878-036F-4C31-B6F2-D78CC61D0683}.Debug|Mixed Platforms.Build.0 = Debug|Any CPU
		{0CD95878-036F-4C31-B6F2-D78CC61D0683}.Debug|x64.ActiveCfg = Debug|Any CPU
		{0CD95878-036F-4C31-B6F2-D78CC61D0683}.Debug|x64.Build.0 = Debug|Any CPU
		{0CD95878-036F-4C31-B6F2-D78CC61D0683}.Debug|x86.ActiveCfg = Debug|Any CPU
		{0CD95878-036F-4C31-B6F2-D78CC61D0683}.Debug|x86.Build.0 = Debug|Any CPU
		{0CD95878-036F-4C31-B6F2-D78CC61D0683}.Release x64|.NET.ActiveCfg = Release|Any CPU
		{0CD95878-036F-4C31-B6F2-D78CC61D0683}.Release x64|.NET.Build.0 = Release|Any CPU
		{0CD95878-036F-4C31-B6F2-D78CC61D0683}.Release x64|Any CPU.ActiveCfg = Release|Any CPU
		{0CD95878-036F-4C31-B6F2-D78CC61D0683}.Release x64|Any CPU.Build.0 = Release|Any CPU
		{0CD95878-036F-4C31-B6F2-D78CC61D0683}.Release x64|Mixed Platforms.ActiveCfg = Release|Any CPU
		{0CD95878-036F-4C31-B6F2-D78CC61D0683}.Release x64|Mixed Platforms.Build.0 = Release|Any CPU
		{0CD95878-036F-4C31-B6F2-D78CC61D0683}.Release x64|x64.ActiveCfg = Release|Any CPU
		{0CD95878-036F-4C31-B6F2-D78CC61D0683}.Release x64|x64.Build.0 = Release|Any CPU
		{0CD95878-036F-4C31-B6F2-D78CC61D0683}.Release x64|x86.ActiveCfg = Release|Any CPU
		{0CD95878-036F-4C31-B6F2-D78CC61D0683}.Release x64|x86.Build.0 = Release|Any CPU
		{0CD95878-036F-4C31-B6F2-D78CC61D0683}.Release|.NET.ActiveCfg = Release|Any CPU
		{0CD95878-036F-4C31-B6F2-D78CC61D0683}.Release|.NET.Build.0 = Release|Any CPU
		{0CD95878-036F-4C31-B6F2-D78CC61D0683}.Release|Any CPU.ActiveCfg = Release|Any CPU
		{0CD95878-036F-4C31-B6F2-D78CC61D0683}.Release|Any CPU.Build.0 = Release|Any CPU
		{0CD95878-036F-4C31-B6F2-D78CC61D0683}.Release|Mixed Platforms.ActiveCfg = Release|Any CPU
		{0CD95878-036F-4C31-B6F2-D78CC61D0683}.Release|Mixed Platforms.Build.0 = Release|Any CPU
		{0CD95878-036F-4C31-B6F2-D78CC61D0683}.Release|x64.ActiveCfg = Release|Any CPU
		{0CD95878-036F-4C31-B6F2-D78CC61D0683}.Release|x64.Build.0 = Release|Any CPU
		{0CD95878-036F-4C31-B6F2-D78CC61D0683}.Release|x86.ActiveCfg = Release|Any CPU
		{0CD95878-036F-4C31-B6F2-D78CC61D0683}.Release|x86.Build.0 = Release|Any CPU
	EndGlobalSection
	GlobalSection(SolutionProperties) = preSolution
		HideSolutionNode = FALSE
	EndGlobalSection
	GlobalSection(NestedProjects) = preSolution
		{83F05440-B66F-4B67-BD3A-AF61A5C0B8AB} = {EAE8279F-5437-4D2D-911C-3CD47F8C9184}
		{FCB78396-A204-44C6-9449-96705299DD2D} = {469AC018-A32B-4582-9F3D-51ECE88F4E5D}
		{D08773CC-EEB0-403E-B66B-D1964626F985} = {469AC018-A32B-4582-9F3D-51ECE88F4E5D}
		{929F1E6E-6A34-47C7-B2E4-E3F13B28E243} = {469AC018-A32B-4582-9F3D-51ECE88F4E5D}
		{19DBDEC2-CE4B-4344-AF68-FD769A2B65A7} = {469AC018-A32B-4582-9F3D-51ECE88F4E5D}
		{42114C78-167B-41F4-AEEA-9AFEE4F5572C} = {EAE8279F-5437-4D2D-911C-3CD47F8C9184}
		{355FCEE7-4743-415F-BEE6-9C044DE9BA4B} = {EAE8279F-5437-4D2D-911C-3CD47F8C9184}
		{492E85F3-ABEB-4975-ACF8-2D8A79F9CE86} = {EAE8279F-5437-4D2D-911C-3CD47F8C9184}
		{AC2E4047-9529-49C7-B34D-5408DEE94B96} = {469AC018-A32B-4582-9F3D-51ECE88F4E5D}
		{66348C8E-7FFB-44B1-8972-4D9D754CE845} = {EAE8279F-5437-4D2D-911C-3CD47F8C9184}
		{57E26AD5-DAD0-4E08-9BFE-9B643859A237} = {EAE8279F-5437-4D2D-911C-3CD47F8C9184}
		{A263AF5E-07EF-4711-9042-23441FAF564F} = {EAE8279F-5437-4D2D-911C-3CD47F8C9184}
		{9645EBFA-1561-4715-AB36-E7F97AC73C0D} = {EAE8279F-5437-4D2D-911C-3CD47F8C9184}
		{00C19ACD-7895-4DB4-83AD-CE427D65E28B} = {EAE8279F-5437-4D2D-911C-3CD47F8C9184}
		{0CD95878-036F-4C31-B6F2-D78CC61D0683} = {EAE8279F-5437-4D2D-911C-3CD47F8C9184}
	EndGlobalSection
	GlobalSection(ExtensibilityGlobals) = postSolution
		SolutionGuid = {80345A82-BF9E-4F5B-9BE9-97FEAF8A3E29}
	EndGlobalSection
	GlobalSection(SubversionScc) = preSolution
		Svn-Managed = True
		Manager = AnkhSVN - Subversion Support for Visual Studio
	EndGlobalSection
EndGlobal
